version = 1
revision = 3
requires-python = ">=3.12"

[[package]]
name = "parsley"
version = "1.3"
source = { registry = "https://pypi.org/simple" }
sdist = { url = "https://files.pythonhosted.org/packages/06/52/cac2f9e78c26cff8bb518bdb4f2b5a0c7058dec7a62087ed48fe87478ef0/Parsley-1.3.tar.gz", hash = "sha256:9444278d47161d5f2be76a767809a3cbe6db4db822f46a4fd7481d4057208d41", size = 99616, upload-time = "2015-09-09T02:53:04.899Z" }
wheels = [
    { url = "https://files.pythonhosted.org/packages/2b/d6/4fed8d65e28a970e1c5cb33ce9c7e22e3de745e1b2ae37af051ef16aea3b/Parsley-1.3-py2.py3-none-any.whl", hash = "sha256:c3bc417b8c7e3a96c87c0f2f751bfd784ed5156ffccebe2f84330df5685f8dc3", size = 88932, upload-time = "2015-09-09T02:53:09.977Z" },
]

[[package]]
name = "torch-einshard"
version = "0.1.0"
source = { virtual = "." }
dependencies = [
    { name = "parsley" },
]

[package.metadata]
requires-dist = [{ name = "parsley", specifier = ">=1.3" }]
